// !$*UTF8*$!
{
	archiveVersion = 1;
	classes = {
	};
	objectVersion = 48;
	objects = {

/* Begin PBXBuildFile section */
		8CD5E7871FD07491007CE244 /* AppDelegate.swift in Sources */ = {isa = PBXBuildFile; fileRef = 8CD5E7861FD07491007CE244 /* AppDelegate.swift */; };
		8CD5E7891FD07491007CE244 /* ViewController.swift in Sources */ = {isa = PBXBuildFile; fileRef = 8CD5E7881FD07491007CE244 /* ViewController.swift */; };
		8CD5E78C1FD07491007CE244 /* Main.storyboard in Resources */ = {isa = PBXBuildFile; fileRef = 8CD5E78A1FD07491007CE244 /* Main.storyboard */; };
		8CD5E78E1FD07491007CE244 /* Assets.xcassets in Resources */ = {isa = PBXBuildFile; fileRef = 8CD5E78D1FD07491007CE244 /* Assets.xcassets */; };
		8CD5E7911FD07491007CE244 /* LaunchScreen.storyboard in Resources */ = {isa = PBXBuildFile; fileRef = 8CD5E78F1FD07491007CE244 /* LaunchScreen.storyboard */; };
		8CD5E79C1FD07491007CE244 /* week_3Tests.swift in Sources */ = {isa = PBXBuildFile; fileRef = 8CD5E79B1FD07491007CE244 /* week_3Tests.swift */; };
		8CD5E7A71FD07491007CE244 /* week_3UITests.swift in Sources */ = {isa = PBXBuildFile; fileRef = 8CD5E7A61FD07491007CE244 /* week_3UITests.swift */; };
/* End PBXBuildFile section */

/* Begin PBXContainerItemProxy section */
		8CD5E7981FD07491007CE244 /* PBXContainerItemProxy */ = {
			isa = PBXContainerItemProxy;
			containerPortal = 8CD5E77B1FD07491007CE244 /* Project object */;
			proxyType = 1;
			remoteGlobalIDString = 8CD5E7821FD07491007CE244;
			remoteInfo = "week 3";
		};
		8CD5E7A31FD07491007CE244 /* PBXContainerItemProxy */ = {
			isa = PBXContainerItemProxy;
			containerPortal = 8CD5E77B1FD07491007CE244 /* Project object */;
			proxyType = 1;
			remoteGlobalIDString = 8CD5E7821FD07491007CE244;
			remoteInfo = "week 3";
		};
/* End PBXContainerItemProxy section */

/* Begin PBXFileReference section */
		8CD5E7831FD07491007CE244 /* week 3.app */ = {isa = PBXFileReference; explicitFileType = wrapper.application; includeInIndex = 0; path = "week 3.app"; sourceTree = BUILT_PRODUCTS_DIR; };
		8CD5E7861FD07491007CE244 /* AppDelegate.swift */ = {isa = PBXFileReference; lastKnownFileType = sourcecode.swift; path = AppDelegate.swift; sourceTree = "<group>"; };
		8CD5E7881FD07491007CE244 /* ViewController.swift */ = {isa = PBXFileReference; lastKnownFileType = sourcecode.swift; path = ViewController.swift; sourceTree = "<group>"; };
		8CD5E78B1FD07491007CE244 /* Base */ = {isa = PBXFileReference; lastKnownFileType = file.storyboard; name = Base; path = Base.lproj/Main.storyboard; sourceTree = "<group>"; };
		8CD5E78D1FD07491007CE244 /* Assets.xcassets */ = {isa = PBXFileReference; lastKnownFileType = folder.assetcatalog; path = Assets.xcassets; sourceTree = "<group>"; };
		8CD5E7901FD07491007CE244 /* Base */ = {isa = PBXFileReference; lastKnownFileType = file.storyboard; name = Base; path = Base.lproj/LaunchScreen.storyboard; sourceTree = "<group>"; };
		8CD5E7921FD07491007CE244 /* Info.plist */ = {isa = PBXFileReference; lastKnownFileType = text.plist.xml; path = Info.plist; sourceTree = "<group>"; };
		8CD5E7971FD07491007CE244 /* week 3Tests.xctest */ = {isa = PBXFileReference; explicitFileType = wrapper.cfbundle; includeInIndex = 0; path = "week 3Tests.xctest"; sourceTree = BUILT_PRODUCTS_DIR; };
		8CD5E79B1FD07491007CE244 /* week_3Tests.swift */ = {isa = PBXFileReference; lastKnownFileType = sourcecode.swift; path = week_3Tests.swift; sourceTree = "<group>"; };
		8CD5E79D1FD07491007CE244 /* Info.plist */ = {isa = PBXFileReference; lastKnownFileType = text.plist.xml; path = Info.plist; sourceTree = "<group>"; };
		8CD5E7A21FD07491007CE244 /* week 3UITests.xctest */ = {isa = PBXFileReference; explicitFileType = wrapper.cfbundle; includeInIndex = 0; path = "week 3UITests.xctest"; sourceTree = BUILT_PRODUCTS_DIR; };
		8CD5E7A61FD07491007CE244 /* week_3UITests.swift */ = {isa = PBXFileReference; lastKnownFileType = sourcecode.swift; path = week_3UITests.swift; sourceTree = "<group>"; };
		8CD5E7A81FD07491007CE244 /* Info.plist */ = {isa = PBXFileReference; lastKnownFileType = text.plist.xml; path = Info.plist; sourceTree = "<group>"; };
/* End PBXFileReference section */

/* Begin PBXFrameworksBuildPhase section */
		8CD5E7801FD07491007CE244 /* Frameworks */ = {
			isa = PBXFrameworksBuildPhase;
			buildActionMask = 2147483647;
			files = (
			);
			runOnlyForDeploymentPostprocessing = 0;
		};
		8CD5E7941FD07491007CE244 /* Frameworks */ = {
			isa = PBXFrameworksBuildPhase;
			buildActionMask = 2147483647;
			files = (
			);
			runOnlyForDeploymentPostprocessing = 0;
		};
		8CD5E79F1FD07491007CE244 /* Frameworks */ = {
			isa = PBXFrameworksBuildPhase;
			buildActionMask = 2147483647;
			files = (
			);
			runOnlyForDeploymentPostprocessing = 0;
		};
/* End PBXFrameworksBuildPhase section */

/* Begin PBXGroup section */
		8CD5E77A1FD07491007CE244 = {
			isa = PBXGroup;
			children = (
				8CD5E7851FD07491007CE244 /* week 3 */,
				8CD5E79A1FD07491007CE244 /* week 3Tests */,
				8CD5E7A51FD07491007CE244 /* week 3UITests */,
				8CD5E7841FD07491007CE244 /* Products */,
			);
			sourceTree = "<group>";
		};
		8CD5E7841FD07491007CE244 /* Products */ = {
			isa = PBXGroup;
			children = (
				8CD5E7831FD07491007CE244 /* week 3.app */,
				8CD5E7971FD07491007CE244 /* week 3Tests.xctest */,
				8CD5E7A21FD07491007CE244 /* week 3UITests.xctest */,
			);
			name = Products;
			sourceTree = "<group>";
		};
		8CD5E7851FD07491007CE244 /* week 3 */ = {
			isa = PBXGroup;
			children = (
				8CD5E7861FD07491007CE244 /* AppDelegate.swift */,
				8CD5E7881FD07491007CE244 /* ViewController.swift */,
				8CD5E78A1FD07491007CE244 /* Main.storyboard */,
				8CD5E78D1FD07491007CE244 /* Assets.xcassets */,
				8CD5E78F1FD07491007CE244 /* LaunchScreen.storyboard */,
				8CD5E7921FD07491007CE244 /* Info.plist */,
			);
			path = "week 3";
			sourceTree = "<group>";
		};
		8CD5E79A1FD07491007CE244 /* week 3Tests */ = {
			isa = PBXGroup;
			children = (
				8CD5E79B1FD07491007CE244 /* week_3Tests.swift */,
				8CD5E79D1FD07491007CE244 /* Info.plist */,
			);
			path = "week 3Tests";
			sourceTree = "<group>";
		};
		8CD5E7A51FD07491007CE244 /* week 3UITests */ = {
			isa = PBXGroup;
			children = (
				8CD5E7A61FD07491007CE244 /* week_3UITests.swift */,
				8CD5E7A81FD07491007CE244 /* Info.plist */,
			);
			path = "week 3UITests";
			sourceTree = "<group>";
		};
/* End PBXGroup section */

/* Begin PBXNativeTarget section */
		8CD5E7821FD07491007CE244 /* week 3 */ = {
			isa = PBXNativeTarget;
			buildConfigurationList = 8CD5E7AB1FD07491007CE244 /* Build configuration list for PBXNativeTarget "week 3" */;
			buildPhases = (
				8CD5E77F1FD07491007CE244 /* Sources */,
				8CD5E7801FD07491007CE244 /* Frameworks */,
				8CD5E7811FD07491007CE244 /* Resources */,
			);
			buildRules = (
			);
			dependencies = (
			);
			name = "week 3";
			productName = "week 3";
			productReference = 8CD5E7831FD07491007CE244 /* week 3.app */;
			productType = "com.apple.product-type.application";
		};
		8CD5E7961FD07491007CE244 /* week 3Tests */ = {
			isa = PBXNativeTarget;
			buildConfigurationList = 8CD5E7AE1FD07491007CE244 /* Build configuration list for PBXNativeTarget "week 3Tests" */;
			buildPhases = (
				8CD5E7931FD07491007CE244 /* Sources */,
				8CD5E7941FD07491007CE244 /* Frameworks */,
				8CD5E7951FD07491007CE244 /* Resources */,
			);
			buildRules = (
			);
			dependencies = (
				8CD5E7991FD07491007CE244 /* PBXTargetDependency */,
			);
			name = "week 3Tests";
			productName = "week 3Tests";
			productReference = 8CD5E7971FD07491007CE244 /* week 3Tests.xctest */;
			productType = "com.apple.product-type.bundle.unit-test";
		};
		8CD5E7A11FD07491007CE244 /* week 3UITests */ = {
			isa = PBXNativeTarget;
			buildConfigurationList = 8CD5E7B11FD07491007CE244 /* Build configuration list for PBXNativeTarget "week 3UITests" */;
			buildPhases = (
				8CD5E79E1FD07491007CE244 /* Sources */,
				8CD5E79F1FD07491007CE244 /* Frameworks */,
				8CD5E7A01FD07491007CE244 /* Resources */,
			);
			buildRules = (
			);
			dependencies = (
				8CD5E7A41FD07491007CE244 /* PBXTargetDependency */,
			);
			name = "week 3UITests";
			productName = "week 3UITests";
			productReference = 8CD5E7A21FD07491007CE244 /* week 3UITests.xctest */;
			productType = "com.apple.product-type.bundle.ui-testing";
		};
/* End PBXNativeTarget section */

/* Begin PBXProject section */
		8CD5E77B1FD07491007CE244 /* Project object */ = {
			isa = PBXProject;
			attributes = {
				LastSwiftUpdateCheck = 0910;
				LastUpgradeCheck = 0910;
				ORGANIZATIONNAME = Frank;
				TargetAttributes = {
					8CD5E7821FD07491007CE244 = {
						CreatedOnToolsVersion = 9.1;
						ProvisioningStyle = Automatic;
					};
					8CD5E7961FD07491007CE244 = {
						CreatedOnToolsVersion = 9.1;
						ProvisioningStyle = Automatic;
						TestTargetID = 8CD5E7821FD07491007CE244;
					};
					8CD5E7A11FD07491007CE244 = {
						CreatedOnToolsVersion = 9.1;
						ProvisioningStyle = Automatic;
						TestTargetID = 8CD5E7821FD07491007CE244;
					};
				};
			};
			buildConfigurationList = 8CD5E77E1FD07491007CE244 /* Build configuration list for PBXProject "week 3" */;
			compatibilityVersion = "Xcode 8.0";
			developmentRegion = en;
			hasScannedForEncodings = 0;
			knownRegions = (
				en,
				Base,
			);
			mainGroup = 8CD5E77A1FD07491007CE244;
			productRefGroup = 8CD5E7841FD07491007CE244 /* Products */;
			projectDirPath = "";
			projectRoot = "";
			targets = (
				8CD5E7821FD07491007CE244 /* week 3 */,
				8CD5E7961FD07491007CE244 /* week 3Tests */,
				8CD5E7A11FD07491007CE244 /* week 3UITests */,
			);
		};
/* End PBXProject section */

/* Begin PBXResourcesBuildPhase section */
		8CD5E7811FD07491007CE244 /* Resources */ = {
			isa = PBXResourcesBuildPhase;
			buildActionMask = 2147483647;
			files = (
				8CD5E7911FD07491007CE244 /* LaunchScreen.storyboard in Resources */,
				8CD5E78E1FD07491007CE244 /* Assets.xcassets in Resources */,
				8CD5E78C1FD07491007CE244 /* Main.storyboard in Resources */,
			);
			runOnlyForDeploymentPostprocessing = 0;
		};
		8CD5E7951FD07491007CE244 /* Resources */ = {
			isa = PBXResourcesBuildPhase;
			buildActionMask = 2147483647;
			files = (
			);
			runOnlyForDeploymentPostprocessing = 0;
		};
		8CD5E7A01FD07491007CE244 /* Resources */ = {
			isa = PBXResourcesBuildPhase;
			buildActionMask = 2147483647;
			files = (
			);
			runOnlyForDeploymentPostprocessing = 0;
		};
/* End PBXResourcesBuildPhase section */

/* Begin PBXSourcesBuildPhase section */
		8CD5E77F1FD07491007CE244 /* Sources */ = {
			isa = PBXSourcesBuildPhase;
			buildActionMask = 2147483647;
			files = (
				8CD5E7891FD07491007CE244 /* ViewController.swift in Sources */,
				8CD5E7871FD07491007CE244 /* AppDelegate.swift in Sources */,
			);
			runOnlyForDeploymentPostprocessing = 0;
		};
		8CD5E7931FD07491007CE244 /* Sources */ = {
			isa = PBXSourcesBuildPhase;
			buildActionMask = 2147483647;
			files = (
				8CD5E79C1FD07491007CE244 /* week_3Tests.swift in Sources */,
			);
			runOnlyForDeploymentPostprocessing = 0;
		};
		8CD5E79E1FD07491007CE244 /* Sources */ = {
			isa = PBXSourcesBuildPhase;
			buildActionMask = 2147483647;
			files = (
				8CD5E7A71FD07491007CE244 /* week_3UITests.swift in Sources */,
			);
			runOnlyForDeploymentPostprocessing = 0;
		};
/* End PBXSourcesBuildPhase section */

/* Begin PBXTargetDependency section */
		8CD5E7991FD07491007CE244 /* PBXTargetDependency */ = {
			isa = PBXTargetDependency;
			target = 8CD5E7821FD07491007CE244 /* week 3 */;
			targetProxy = 8CD5E7981FD07491007CE244 /* PBXContainerItemProxy */;
		};
		8CD5E7A41FD07491007CE244 /* PBXTargetDependency */ = {
			isa = PBXTargetDependency;
			target = 8CD5E7821FD07491007CE244 /* week 3 */;
			targetProxy = 8CD5E7A31FD07491007CE244 /* PBXContainerItemProxy */;
		};
/* End PBXTargetDependency section */

/* Begin PBXVariantGroup section */
		8CD5E78A1FD07491007CE244 /* Main.storyboard */ = {
			isa = PBXVariantGroup;
			children = (
				8CD5E78B1FD07491007CE244 /* Base */,
			);
			name = Main.storyboard;
			sourceTree = "<group>";
		};
		8CD5E78F1FD07491007CE244 /* LaunchScreen.storyboard */ = {
			isa = PBXVariantGroup;
			children = (
				8CD5E7901FD07491007CE244 /* Base */,
			);
			name = LaunchScreen.storyboard;
			sourceTree = "<group>";
		};
/* End PBXVariantGroup section */

/* Begin XCBuildConfiguration section */
		8CD5E7A91FD07491007CE244 /* Debug */ = {
			isa = XCBuildConfiguration;
			buildSettings = {
				ALWAYS_SEARCH_USER_PATHS = NO;
				CLANG_ANALYZER_NONNULL = YES;
				CLANG_ANALYZER_NUMBER_OBJECT_CONVERSION = YES_AGGRESSIVE;
				CLANG_CXX_LANGUAGE_STANDARD = "gnu++14";
				CLANG_CXX_LIBRARY = "libc++";
				CLANG_ENABLE_MODULES = YES;
				CLANG_ENABLE_OBJC_ARC = YES;
				CLANG_WARN_BLOCK_CAPTURE_AUTORELEASING = YES;
				CLANG_WARN_BOOL_CONVERSION = YES;
				CLANG_WARN_COMMA = YES;
				CLANG_WARN_CONSTANT_CONVERSION = YES;
				CLANG_WARN_DIRECT_OBJC_ISA_USAGE = YES_ERROR;
				CLANG_WARN_DOCUMENTATION_COMMENTS = YES;
				CLANG_WARN_EMPTY_BODY = YES;
				CLANG_WARN_ENUM_CONVERSION = YES;
				CLANG_WARN_INFINITE_RECURSION = YES;
				CLANG_WARN_INT_CONVERSION = YES;
				CLANG_WARN_NON_LITERAL_NULL_CONVERSION = YES;
				CLANG_WARN_OBJC_LITERAL_CONVERSION = YES;
				CLANG_WARN_OBJC_ROOT_CLASS = YES_ERROR;
				CLANG_WARN_RANGE_LOOP_ANALYSIS = YES;
				CLANG_WARN_STRICT_PROTOTYPES = YES;
				CLANG_WARN_SUSPICIOUS_MOVE = YES;
				CLANG_WARN_UNGUARDED_AVAILABILITY = YES_AGGRESSIVE;
				CLANG_WARN_UNREACHABLE_CODE = YES;
				CLANG_WARN__DUPLICATE_METHOD_MATCH = YES;
				CODE_SIGN_IDENTITY = "iPhone Developer";
				COPY_PHASE_STRIP = NO;
				DEBUG_INFORMATION_FORMAT = dwarf;
				ENABLE_STRICT_OBJC_MSGSEND = YES;
				ENABLE_TESTABILITY = YES;
				GCC_C_LANGUAGE_STANDARD = gnu11;
				GCC_DYNAMIC_NO_PIC = NO;
				GCC_NO_COMMON_BLOCKS = YES;
				GCC_OPTIMIZATION_LEVEL = 0;
				GCC_PREPROCESSOR_DEFINITIONS = (
					"DEBUG=1",
					"$(inherited)",
				);
				GCC_WARN_64_TO_32_BIT_CONVERSION = YES;
				GCC_WARN_ABOUT_RETURN_TYPE = YES_ERROR;
				GCC_WARN_UNDECLARED_SELECTOR = YES;
				GCC_WARN_UNINITIALIZED_AUTOS = YES_AGGRESSIVE;
				GCC_WARN_UNUSED_FUNCTION = YES;
				GCC_WARN_UNUSED_VARIABLE = YES;
				IPHONEOS_DEPLOYMENT_TARGET = 11.1;
				MTL_ENABLE_DEBUG_INFO = YES;
				ONLY_ACTIVE_ARCH = YES;
				SDKROOT = iphoneos;
				SWIFT_ACTIVE_COMPILATION_CONDITIONS = DEBUG;
				SWIFT_OPTIMIZATION_LEVEL = "-Onone";
			};
			name = Debug;
		};
		8CD5E7AA1FD07491007CE244 /* Release */ = {
			isa = XCBuildConfiguration;
			buildSettings = {
				ALWAYS_SEARCH_USER_PATHS = NO;
				CLANG_ANALYZER_NONNULL = YES;
				CLANG_ANALYZER_NUMBER_OBJECT_CONVERSION = YES_AGGRESSIVE;
				CLANG_CXX_LANGUAGE_STANDARD = "gnu++14";
				CLANG_CXX_LIBRARY = "libc++";
				CLANG_ENABLE_MODULES = YES;
				CLANG_ENABLE_OBJC_ARC = YES;
				CLANG_WARN_BLOCK_CAPTURE_AUTORELEASING = YES;
				CLANG_WARN_BOOL_CONVERSION = YES;
				CLANG_WARN_COMMA = YES;
				CLANG_WARN_CONSTANT_CONVERSION = YES;
				CLANG_WARN_DIRECT_OBJC_ISA_USAGE = YES_ERROR;
				CLANG_WARN_DOCUMENTATION_COMMENTS = YES;
				CLANG_WARN_EMPTY_BODY = YES;
				CLANG_WARN_ENUM_CONVERSION = YES;
				CLANG_WARN_INFINITE_RECURSION = YES;
				CLANG_WARN_INT_CONVERSION = YES;
				CLANG_WARN_NON_LITERAL_NULL_CONVERSION = YES;
				CLANG_WARN_OBJC_LITERAL_CONVERSION = YES;
				CLANG_WARN_OBJC_ROOT_CLASS = YES_ERROR;
				CLANG_WARN_RANGE_LOOP_ANALYSIS = YES;
				CLANG_WARN_STRICT_PROTOTYPES = YES;
				CLANG_WARN_SUSPICIOUS_MOVE = YES;
				CLANG_WARN_UNGUARDED_AVAILABILITY = YES_AGGRESSIVE;
				CLANG_WARN_UNREACHABLE_CODE = YES;
				CLANG_WARN__DUPLICATE_METHOD_MATCH = YES;
				CODE_SIGN_IDENTITY = "iPhone Developer";
				COPY_PHASE_STRIP = NO;
				DEBUG_INFORMATION_FORMAT = "dwarf-with-dsym";
				ENABLE_NS_ASSERTIONS = NO;
				ENABLE_STRICT_OBJC_MSGSEND = YES;
				GCC_C_LANGUAGE_STANDARD = gnu11;
				GCC_NO_COMMON_BLOCKS = YES;
				GCC_WARN_64_TO_32_BIT_CONVERSION = YES;
				GCC_WARN_ABOUT_RETURN_TYPE = YES_ERROR;
				GCC_WARN_UNDECLARED_SELECTOR = YES;
				GCC_WARN_UNINITIALIZED_AUTOS = YES_AGGRESSIVE;
				GCC_WARN_UNUSED_FUNCTION = YES;
				GCC_WARN_UNUSED_VARIABLE = YES;
				IPHONEOS_DEPLOYMENT_TARGET = 11.1;
				MTL_ENABLE_DEBUG_INFO = NO;
				SDKROOT = iphoneos;
				SWIFT_OPTIMIZATION_LEVEL = "-Owholemodule";
				VALIDATE_PRODUCT = YES;
			};
			name = Release;
		};
		8CD5E7AC1FD07491007CE244 /* Debug */ = {
			isa = XCBuildConfiguration;
			buildSettings = {
				ASSETCATALOG_COMPILER_APPICON_NAME = AppIcon;
				CODE_SIGN_STYLE = Automatic;
				INFOPLIST_FILE = "week 3/Info.plist";
				LD_RUNPATH_SEARCH_PATHS = "$(inherited) @executable_path/Frameworks";
				PRODUCT_BUNDLE_IDENTIFIER = "com.Frank.week-3";
				PRODUCT_NAME = "$(TARGET_NAME)";
				SWIFT_VERSION = 4.0;
				TARGETED_DEVICE_FAMILY = "1,2";
			};
			name = Debug;
		};
		8CD5E7AD1FD07491007CE244 /* Release */ = {
			isa = XCBuildConfiguration;
			buildSettings = {
				ASSETCATALOG_COMPILER_APPICON_NAME = AppIcon;
				CODE_SIGN_STYLE = Automatic;
				INFOPLIST_FILE = "week 3/Info.plist";
				LD_RUNPATH_SEARCH_PATHS = "$(inherited) @executable_path/Frameworks";
				PRODUCT_BUNDLE_IDENTIFIER = "com.Frank.week-3";
				PRODUCT_NAME = "$(TARGET_NAME)";
				SWIFT_VERSION = 4.0;
				TARGETED_DEVICE_FAMILY = "1,2";
			};
			name = Release;
		};
		8CD5E7AF1FD07491007CE244 /* Debug */ = {
			isa = XCBuildConfiguration;
			buildSettings = {
				ALWAYS_EMBED_SWIFT_STANDARD_LIBRARIES = YES;
				BUNDLE_LOADER = "$(TEST_HOST)";
				CODE_SIGN_STYLE = Automatic;
				INFOPLIST_FILE = "week 3Tests/Info.plist";
				LD_RUNPATH_SEARCH_PATHS = "$(inherited) @executable_path/Frameworks @loader_path/Frameworks";
				PRODUCT_BUNDLE_IDENTIFIER = "com.Frank.week-3Tests";
				PRODUCT_NAME = "$(TARGET_NAME)";
				SWIFT_VERSION = 4.0;
				TARGETED_DEVICE_FAMILY = "1,2";
				TEST_HOST = "$(BUILT_PRODUCTS_DIR)/week 3.app/week 3";
			};
			name = Debug;
		};
		8CD5E7B01FD07491007CE244 /* Release */ = {
			isa = XCBuildConfiguration;
			buildSettings = {
				ALWAYS_EMBED_SWIFT_STANDARD_LIBRARIES = YES;
				BUNDLE_LOADER = "$(TEST_HOST)";
				CODE_SIGN_STYLE = Automatic;
				INFOPLIST_FILE = "week 3Tests/Info.plist";
				LD_RUNPATH_SEARCH_PATHS = "$(inherited) @executable_path/Frameworks @loader_path/Frameworks";
				PRODUCT_BUNDLE_IDENTIFIER = "com.Frank.week-3Tests";
				PRODUCT_NAME = "$(TARGET_NAME)";
				SWIFT_VERSION = 4.0;
				TARGETED_DEVICE_FAMILY = "1,2";
				TEST_HOST = "$(BUILT_PRODUCTS_DIR)/week 3.app/week 3";
			};
			name = Release;
		};
		8CD5E7B21FD07491007CE244 /* Debug */ = {
			isa = XCBuildConfiguration;
			buildSettings = {
				ALWAYS_EMBED_SWIFT_STANDARD_LIBRARIES = YES;
				CODE_SIGN_STYLE = Automatic;
				INFOPLIST_FILE = "week 3UITests/Info.plist";
				LD_RUNPATH_SEARCH_PATHS = "$(inherited) @executable_path/Frameworks @loader_path/Frameworks";
				PRODUCT_BUNDLE_IDENTIFIER = "com.Frank.week-3UITests";
				PRODUCT_NAME = "$(TARGET_NAME)";
				SWIFT_VERSION = 4.0;
				TARGETED_DEVICE_FAMILY = "1,2";
				TEST_TARGET_NAME = "week 3";
			};
			name = Debug;
		};
		8CD5E7B31FD07491007CE244 /* Release */ = {
			isa = XCBuildConfiguration;
			buildSettings = {
				ALWAYS_EMBED_SWIFT_STANDARD_LIBRARIES = YES;
				CODE_SIGN_STYLE = Automatic;
				INFOPLIST_FILE = "week 3UITests/Info.plist";
				LD_RUNPATH_SEARCH_PATHS = "$(inherited) @executable_path/Frameworks @loader_path/Frameworks";
				PRODUCT_BUNDLE_IDENTIFIER = "com.Frank.week-3UITests";
				PRODUCT_NAME = "$(TARGET_NAME)";
				SWIFT_VERSION = 4.0;
				TARGETED_DEVICE_FAMILY = "1,2";
				TEST_TARGET_NAME = "week 3";
			};
			name = Release;
		};
/* End XCBuildConfiguration section */

/* Begin XCConfigurationList section */
		8CD5E77E1FD07491007CE244 /* Build configuration list for PBXProject "week 3" */ = {
			isa = XCConfigurationList;
			buildConfigurations = (
				8CD5E7A91FD07491007CE244 /* Debug */,
				8CD5E7AA1FD07491007CE244 /* Release */,
			);
			defaultConfigurationIsVisible = 0;
			defaultConfigurationName = Release;
		};
		8CD5E7AB1FD07491007CE244 /* Build configuration list for PBXNativeTarget "week 3" */ = {
			isa = XCConfigurationList;
			buildConfigurations = (
				8CD5E7AC1FD07491007CE244 /* Debug */,
				8CD5E7AD1FD07491007CE244 /* Release */,
			);
			defaultConfigurationIsVisible = 0;
			defaultConfigurationName = Release;
		};
		8CD5E7AE1FD07491007CE244 /* Build configuration list for PBXNativeTarget "week 3Tests" */ = {
			isa = XCConfigurationList;
			buildConfigurations = (
				8CD5E7AF1FD07491007CE244 /* Debug */,
				8CD5E7B01FD07491007CE244 /* Release */,
			);
			defaultConfigurationIsVisible = 0;
			defaultConfigurationName = Release;
		};
		8CD5E7B11FD07491007CE244 /* Build configuration list for PBXNativeTarget "week 3UITests" */ = {
			isa = XCConfigurationList;
			buildConfigurations = (
				8CD5E7B21FD07491007CE244 /* Debug */,
				8CD5E7B31FD07491007CE244 /* Release */,
			);
			defaultConfigurationIsVisible = 0;
			defaultConfigurationName = Release;
		};
/* End XCConfigurationList section */
	};
	rootObject = 8CD5E77B1FD07491007CE244 /* Project object */;
}
